%{"conform": {:hex, :conform, "0.13.0"},
  "corsica": {:hex, :corsica, "0.4.0"},
  "cowboy": {:hex, :cowboy, "1.0.4"},
  "cowlib": {:hex, :cowlib, "1.0.2"},
  "elixir_ale": {:hex, :elixir_ale, "0.4.0"},
  "ethernet": {:git, "https://github.com/cellulose/ethernet.git", "b4917b127a88e638af1d2d6797c40de0e8da03ba", []},
  "exrm": {:hex, :exrm, "0.15.3"},
  "plug": {:hex, :plug, "1.1.2"},
  "poison": {:hex, :poison, "1.5.0"},
  "ranch": {:hex, :ranch, "1.2.1"}}
